
Microsoft Visual Studio Solution File, Format Version 12.00
# Visual Studio Version 16
VisualStudioVersion = 16.0.29509.3
MinimumVisualStudioVersion = 10.0.40219.1
Project("{9A19103F-16F7-4668-BE54-9A1E7A4F7556}") = "AJT.Dtos", "AJT.Dtos\AJT.Dtos.csproj", "{B394D171-131F-49AB-9DC2-893706F8334D}"
EndProject
Global
	GlobalSection(SolutionConfigurationPlatforms) = preSolution
		Debug|Any CPU = Debug|Any CPU
		Release|Any CPU = Release|Any CPU
	EndGlobalSection
	GlobalSection(ProjectConfigurationPlatforms) = postSolution
		{B394D171-131F-49AB-9DC2-893706F8334D}.Debug|Any CPU.ActiveCfg = Debug|Any CPU
		{B394D171-131F-49AB-9DC2-893706F8334D}.Debug|Any CPU.Build.0 = Debug|Any CPU
		{B394D171-131F-49AB-9DC2-893706F8334D}.Release|Any CPU.ActiveCfg = Release|Any CPU
		{B394D171-131F-49AB-9DC2-893706F8334D}.Release|Any CPU.Build.0 = Release|Any CPU
	EndGlobalSection
	GlobalSection(SolutionProperties) = preSolution
		HideSolutionNode = FALSE
	EndGlobalSection
	GlobalSection(ExtensibilityGlobals) = postSolution
		SolutionGuid = {C75D6414-224A-49FA-A843-C0522432370D}
	EndGlobalSection
EndGlobal
